
Microsoft Visual Studio Solution File, Format Version 12.00
# Visual Studio 15
VisualStudioVersion = 15.0.28307.329
MinimumVisualStudioVersion = 10.0.40219.1
Project("{FAE04EC0-301F-11D3-BF4B-00C04F79EFBC}") = "BasicCsharp", "BasicCsharp.csproj", "{E82AF9BE-37B2-4BE8-A6A0-72D24BC5F916}"
EndProject
Project("{FAE04EC0-301F-11D3-BF4B-00C04F79EFBC}") = "InterfaceExample", "..\InterfaceExample\InterfaceExample.csproj", "{6A5443E0-F8DC-4092-9C0F-22566E0A51D8}"
EndProject
Project("{FAE04EC0-301F-11D3-BF4B-00C04F79EFBC}") = "Inheritance", "..\Inheritance\Inheritance.csproj", "{FCA1E93D-F67E-4AF8-ACBB-F0384C291DD2}"
EndProject
Project("{FAE04EC0-301F-11D3-BF4B-00C04F79EFBC}") = "Abstraction", "..\Abstraction\Abstraction.csproj", "{55EA4469-F0D8-467F-A0A5-9043F5131E5A}"
EndProject
Project("{FAE04EC0-301F-11D3-BF4B-00C04F79EFBC}") = "Polymorphism", "..\Polymorphism\Polymorphism.csproj", "{8EA3FFB4-B233-4718-899C-6A1AFF97521A}"
EndProject
Global
	GlobalSection(SolutionConfigurationPlatforms) = preSolution
		Debug|Any CPU = Debug|Any CPU
		Release|Any CPU = Release|Any CPU
	EndGlobalSection
	GlobalSection(ProjectConfigurationPlatforms) = postSolution
		{E82AF9BE-37B2-4BE8-A6A0-72D24BC5F916}.Debug|Any CPU.ActiveCfg = Debug|Any CPU
		{E82AF9BE-37B2-4BE8-A6A0-72D24BC5F916}.Debug|Any CPU.Build.0 = Debug|Any CPU
		{E82AF9BE-37B2-4BE8-A6A0-72D24BC5F916}.Release|Any CPU.ActiveCfg = Release|Any CPU
		{E82AF9BE-37B2-4BE8-A6A0-72D24BC5F916}.Release|Any CPU.Build.0 = Release|Any CPU
		{6A5443E0-F8DC-4092-9C0F-22566E0A51D8}.Debug|Any CPU.ActiveCfg = Debug|Any CPU
		{6A5443E0-F8DC-4092-9C0F-22566E0A51D8}.Debug|Any CPU.Build.0 = Debug|Any CPU
		{6A5443E0-F8DC-4092-9C0F-22566E0A51D8}.Release|Any CPU.ActiveCfg = Release|Any CPU
		{6A5443E0-F8DC-4092-9C0F-22566E0A51D8}.Release|Any CPU.Build.0 = Release|Any CPU
		{FCA1E93D-F67E-4AF8-ACBB-F0384C291DD2}.Debug|Any CPU.ActiveCfg = Debug|Any CPU
		{FCA1E93D-F67E-4AF8-ACBB-F0384C291DD2}.Debug|Any CPU.Build.0 = Debug|Any CPU
		{FCA1E93D-F67E-4AF8-ACBB-F0384C291DD2}.Release|Any CPU.ActiveCfg = Release|Any CPU
		{FCA1E93D-F67E-4AF8-ACBB-F0384C291DD2}.Release|Any CPU.Build.0 = Release|Any CPU
		{55EA4469-F0D8-467F-A0A5-9043F5131E5A}.Debug|Any CPU.ActiveCfg = Debug|Any CPU
		{55EA4469-F0D8-467F-A0A5-9043F5131E5A}.Debug|Any CPU.Build.0 = Debug|Any CPU
		{55EA4469-F0D8-467F-A0A5-9043F5131E5A}.Release|Any CPU.ActiveCfg = Release|Any CPU
		{55EA4469-F0D8-467F-A0A5-9043F5131E5A}.Release|Any CPU.Build.0 = Release|Any CPU
		{8EA3FFB4-B233-4718-899C-6A1AFF97521A}.Debug|Any CPU.ActiveCfg = Debug|Any CPU
		{8EA3FFB4-B233-4718-899C-6A1AFF97521A}.Debug|Any CPU.Build.0 = Debug|Any CPU
		{8EA3FFB4-B233-4718-899C-6A1AFF97521A}.Release|Any CPU.ActiveCfg = Release|Any CPU
		{8EA3FFB4-B233-4718-899C-6A1AFF97521A}.Release|Any CPU.Build.0 = Release|Any CPU
	EndGlobalSection
	GlobalSection(SolutionProperties) = preSolution
		HideSolutionNode = FALSE
	EndGlobalSection
	GlobalSection(ExtensibilityGlobals) = postSolution
		SolutionGuid = {0AB647A6-775D-4054-9D6E-331E84CADD3C}
	EndGlobalSection
EndGlobal
